
Microsoft Visual Studio Solution File, Format Version 12.00
# Visual Studio Version 16
VisualStudioVersion = 16.0.33927.289
MinimumVisualStudioVersion = 10.0.40219.1
Project("{2150E333-8FDC-42A3-9474-1A3956D46DE8}") = "Tyuiu.GorbunovAA.Sprint5.Task0.V13", "Tyuiu.GorbunovAA.Sprint5.Task0.V13", "{173E5A45-77C4-49D7-921F-F9B7E930C32A}"
EndProject
Project("{FAE04EC0-301F-11D3-BF4B-00C04F79EFBC}") = "Tyuiu.GorbunovAA.Sprint5.Task0.V13", "Tyuiu.GorbunovAA.Sprint5.Task0.V13\Tyuiu.GorbunovAA.Sprint5.Task0.V13.csproj", "{1CA00EFC-37CE-452F-99DF-F15FA02D03DC}"
EndProject
Project("{FAE04EC0-301F-11D3-BF4B-00C04F79EFBC}") = "Tyuiu.GorbunovAA.Sprint5.Task0.V13.Lib", "Tyuiu.GorbunovAA.Sprint5.Task0.V13.Lib\Tyuiu.GorbunovAA.Sprint5.Task0.V13.Lib.csproj", "{F251DDC4-135C-4516-9DD0-7DBDDD00C768}"
EndProject
Project("{FAE04EC0-301F-11D3-BF4B-00C04F79EFBC}") = "Tyuiu.GorbunovAA.Sprint5.Task0.V13.Test", "Tyuiu.GorbunovAA.Sprint5.Task0.V13.Test\Tyuiu.GorbunovAA.Sprint5.Task0.V13.Test.csproj", "{1A3C9831-FF68-4615-BFC3-BB15D297D14A}"
EndProject
Project("{2150E333-8FDC-42A3-9474-1A3956D46DE8}") = "Tyuiu.GorbunovAA.Sprint5.Task1.V26", "Tyuiu.GorbunovAA.Sprint5.Task1.V26", "{A4A1665C-4E8B-4C82-AF15-2130797B5124}"
EndProject
Project("{FAE04EC0-301F-11D3-BF4B-00C04F79EFBC}") = "Tyuiu.GorbunovAA.Sprint5.Task1.V26", "Tyuiu.GorbunovAA.Sprint5.Task1.V26\Tyuiu.GorbunovAA.Sprint5.Task1.V26.csproj", "{973CD13F-0D7D-4022-9D34-44CD56372752}"
EndProject
Project("{FAE04EC0-301F-11D3-BF4B-00C04F79EFBC}") = "Tyuiu.GorbunovAA.Sprint5.Task1.V26.Lib", "Tyuiu.GorbunovAA.Sprint5.Task1.V26.Lib\Tyuiu.GorbunovAA.Sprint5.Task1.V26.Lib.csproj", "{9DB98C40-6CB1-41DD-89F1-941EA4AAF19A}"
EndProject
Project("{FAE04EC0-301F-11D3-BF4B-00C04F79EFBC}") = "Tyuiu.GorbunovAA.Sprint5.Task1.V26.Test", "Tyuiu.GorbunovAA.Sprint5.Task1.V26.Test\Tyuiu.GorbunovAA.Sprint5.Task1.V26.Test.csproj", "{B81CA36B-8CD5-4671-B24F-B719ECC16B8D}"
EndProject
Project("{2150E333-8FDC-42A3-9474-1A3956D46DE8}") = "Tyuiu.GorbunovAA.Sprint5.Task3.V5", "Tyuiu.GorbunovAA.Sprint5.Task3.V5", "{E081F01F-85D5-4B0C-9B69-B891FFE0F6D0}"
EndProject
Project("{FAE04EC0-301F-11D3-BF4B-00C04F79EFBC}") = "Tyuiu.GorbunovAA.Sprint5.Task3.V5", "Tyuiu.GorbunovAA.Sprint5.Task3.V5\Tyuiu.GorbunovAA.Sprint5.Task3.V5.csproj", "{959C4876-D792-4C46-BBA0-CC629787EA4B}"
EndProject
Project("{FAE04EC0-301F-11D3-BF4B-00C04F79EFBC}") = "Tyuiu.GorbunovAA.Sprint5.Task3.V5.Lib", "Tyuiu.GorbunovAA.Sprint5.Task3.V5.Lib\Tyuiu.GorbunovAA.Sprint5.Task3.V5.Lib.csproj", "{33DA3F65-7A08-495C-96EE-F65C0979C4DA}"
EndProject
Project("{FAE04EC0-301F-11D3-BF4B-00C04F79EFBC}") = "Tyuiu.GorbunovAA.Sprint5.Task3.V5.Test", "Tyuiu.GorbunovAA.Sprint5.Task3.V5.Test\Tyuiu.GorbunovAA.Sprint5.Task3.V5.Test.csproj", "{ED5E45DA-34FB-4BDB-B548-5D6527F01B61}"
EndProject
Project("{2150E333-8FDC-42A3-9474-1A3956D46DE8}") = "Tyuiu.GorbunovAA.Sprint5.Task4.V25", "Tyuiu.GorbunovAA.Sprint5.Task4.V25", "{4D88246F-333C-4DF7-81A0-B7F7A6AB8C75}"
EndProject
Project("{FAE04EC0-301F-11D3-BF4B-00C04F79EFBC}") = "Tyuiu.GorbunovAA.Sprint5.Task4.V25", "Tyuiu.GorbunovAA.Sprint5.Task4.V25\Tyuiu.GorbunovAA.Sprint5.Task4.V25.csproj", "{9B7D8246-54DF-4687-B675-D01E8E74A580}"
EndProject
Project("{FAE04EC0-301F-11D3-BF4B-00C04F79EFBC}") = "Tyuiu.GorbunovAA.Sprint5.Task4.V25.Lib", "Tyuiu.GorbunovAA.Sprint5.Task4.V25.Lib\Tyuiu.GorbunovAA.Sprint5.Task4.V25.Lib.csproj", "{3EA2648B-11EB-4C70-AD14-E47AC3A0EBEE}"
EndProject
Project("{FAE04EC0-301F-11D3-BF4B-00C04F79EFBC}") = "Tyuiu.GorbunovAA.Sprint5.Task4.V25.Test", "Tyuiu.GorbunovAA.Sprint5.Task4.V25.Test\Tyuiu.GorbunovAA.Sprint5.Task4.V25.Test.csproj", "{820D3DF9-6328-4517-B684-BAABB294EF20}"
EndProject
Project("{2150E333-8FDC-42A3-9474-1A3956D46DE8}") = "Tyuiu.GorbunovAA.Sprint5.Task2.V4", "Tyuiu.GorbunovAA.Sprint5.Task2.V4", "{CE4420B5-557D-4755-88B4-9E6F71126827}"
EndProject
Project("{FAE04EC0-301F-11D3-BF4B-00C04F79EFBC}") = "Tyuiu.GorbunovAA.Sprint5.Task2.V4", "Tyuiu.GorbunovAA.Sprint5.Task2.V4\Tyuiu.GorbunovAA.Sprint5.Task2.V4.csproj", "{3CE05F80-F4C0-48B0-AECB-80D866B10ADE}"
EndProject
Project("{FAE04EC0-301F-11D3-BF4B-00C04F79EFBC}") = "Tyuiu.GorbunovAA.Sprint5.Task2.V4.Lib", "Tyuiu.GorbunovAA.Sprint5.Task2.V4.Lib\Tyuiu.GorbunovAA.Sprint5.Task2.V4.Lib.csproj", "{6839845A-3835-4BA6-8875-CFABE49E7DC0}"
EndProject
Project("{FAE04EC0-301F-11D3-BF4B-00C04F79EFBC}") = "Tyuiu.GorbunovAA.Sprint5.Task2.V4.Test", "Tyuiu.GorbunovAA.Sprint5.Task2.V4.Test\Tyuiu.GorbunovAA.Sprint5.Task2.V4.Test.csproj", "{1B3E2646-0BB6-4182-A437-9D16067C920F}"
EndProject
Global
	GlobalSection(SolutionConfigurationPlatforms) = preSolution
		Debug|Any CPU = Debug|Any CPU
		Release|Any CPU = Release|Any CPU
	EndGlobalSection
	GlobalSection(ProjectConfigurationPlatforms) = postSolution
		{1CA00EFC-37CE-452F-99DF-F15FA02D03DC}.Debug|Any CPU.ActiveCfg = Debug|Any CPU
		{1CA00EFC-37CE-452F-99DF-F15FA02D03DC}.Debug|Any CPU.Build.0 = Debug|Any CPU
		{1CA00EFC-37CE-452F-99DF-F15FA02D03DC}.Release|Any CPU.ActiveCfg = Release|Any CPU
		{1CA00EFC-37CE-452F-99DF-F15FA02D03DC}.Release|Any CPU.Build.0 = Release|Any CPU
		{F251DDC4-135C-4516-9DD0-7DBDDD00C768}.Debug|Any CPU.ActiveCfg = Debug|Any CPU
		{F251DDC4-135C-4516-9DD0-7DBDDD00C768}.Debug|Any CPU.Build.0 = Debug|Any CPU
		{F251DDC4-135C-4516-9DD0-7DBDDD00C768}.Release|Any CPU.ActiveCfg = Release|Any CPU
		{F251DDC4-135C-4516-9DD0-7DBDDD00C768}.Release|Any CPU.Build.0 = Release|Any CPU
		{1A3C9831-FF68-4615-BFC3-BB15D297D14A}.Debug|Any CPU.ActiveCfg = Debug|Any CPU
		{1A3C9831-FF68-4615-BFC3-BB15D297D14A}.Debug|Any CPU.Build.0 = Debug|Any CPU
		{1A3C9831-FF68-4615-BFC3-BB15D297D14A}.Release|Any CPU.ActiveCfg = Release|Any CPU
		{1A3C9831-FF68-4615-BFC3-BB15D297D14A}.Release|Any CPU.Build.0 = Release|Any CPU
		{973CD13F-0D7D-4022-9D34-44CD56372752}.Debug|Any CPU.ActiveCfg = Debug|Any CPU
		{973CD13F-0D7D-4022-9D34-44CD56372752}.Debug|Any CPU.Build.0 = Debug|Any CPU
		{973CD13F-0D7D-4022-9D34-44CD56372752}.Release|Any CPU.ActiveCfg = Release|Any CPU
		{973CD13F-0D7D-4022-9D34-44CD56372752}.Release|Any CPU.Build.0 = Release|Any CPU
		{9DB98C40-6CB1-41DD-89F1-941EA4AAF19A}.Debug|Any CPU.ActiveCfg = Debug|Any CPU
		{9DB98C40-6CB1-41DD-89F1-941EA4AAF19A}.Debug|Any CPU.Build.0 = Debug|Any CPU
		{9DB98C40-6CB1-41DD-89F1-941EA4AAF19A}.Release|Any CPU.ActiveCfg = Release|Any CPU
		{9DB98C40-6CB1-41DD-89F1-941EA4AAF19A}.Release|Any CPU.Build.0 = Release|Any CPU
		{B81CA36B-8CD5-4671-B24F-B719ECC16B8D}.Debug|Any CPU.ActiveCfg = Debug|Any CPU
		{B81CA36B-8CD5-4671-B24F-B719ECC16B8D}.Debug|Any CPU.Build.0 = Debug|Any CPU
		{B81CA36B-8CD5-4671-B24F-B719ECC16B8D}.Release|Any CPU.ActiveCfg = Release|Any CPU
		{B81CA36B-8CD5-4671-B24F-B719ECC16B8D}.Release|Any CPU.Build.0 = Release|Any CPU
		{959C4876-D792-4C46-BBA0-CC629787EA4B}.Debug|Any CPU.ActiveCfg = Debug|Any CPU
		{959C4876-D792-4C46-BBA0-CC629787EA4B}.Debug|Any CPU.Build.0 = Debug|Any CPU
		{959C4876-D792-4C46-BBA0-CC629787EA4B}.Release|Any CPU.ActiveCfg = Release|Any CPU
		{959C4876-D792-4C46-BBA0-CC629787EA4B}.Release|Any CPU.Build.0 = Release|Any CPU
		{33DA3F65-7A08-495C-96EE-F65C0979C4DA}.Debug|Any CPU.ActiveCfg = Debug|Any CPU
		{33DA3F65-7A08-495C-96EE-F65C0979C4DA}.Debug|Any CPU.Build.0 = Debug|Any CPU
		{33DA3F65-7A08-495C-96EE-F65C0979C4DA}.Release|Any CPU.ActiveCfg = Release|Any CPU
		{33DA3F65-7A08-495C-96EE-F65C0979C4DA}.Release|Any CPU.Build.0 = Release|Any CPU
		{ED5E45DA-34FB-4BDB-B548-5D6527F01B61}.Debug|Any CPU.ActiveCfg = Debug|Any CPU
		{ED5E45DA-34FB-4BDB-B548-5D6527F01B61}.Debug|Any CPU.Build.0 = Debug|Any CPU
		{ED5E45DA-34FB-4BDB-B548-5D6527F01B61}.Release|Any CPU.ActiveCfg = Release|Any CPU
		{ED5E45DA-34FB-4BDB-B548-5D6527F01B61}.Release|Any CPU.Build.0 = Release|Any CPU
		{9B7D8246-54DF-4687-B675-D01E8E74A580}.Debug|Any CPU.ActiveCfg = Debug|Any CPU
		{9B7D8246-54DF-4687-B675-D01E8E74A580}.Debug|Any CPU.Build.0 = Debug|Any CPU
		{9B7D8246-54DF-4687-B675-D01E8E74A580}.Release|Any CPU.ActiveCfg = Release|Any CPU
		{9B7D8246-54DF-4687-B675-D01E8E74A580}.Release|Any CPU.Build.0 = Release|Any CPU
		{3EA2648B-11EB-4C70-AD14-E47AC3A0EBEE}.Debug|Any CPU.ActiveCfg = Debug|Any CPU
		{3EA2648B-11EB-4C70-AD14-E47AC3A0EBEE}.Debug|Any CPU.Build.0 = Debug|Any CPU
		{3EA2648B-11EB-4C70-AD14-E47AC3A0EBEE}.Release|Any CPU.ActiveCfg = Release|Any CPU
		{3EA2648B-11EB-4C70-AD14-E47AC3A0EBEE}.Release|Any CPU.Build.0 = Release|Any CPU
		{820D3DF9-6328-4517-B684-BAABB294EF20}.Debug|Any CPU.ActiveCfg = Debug|Any CPU
		{820D3DF9-6328-4517-B684-BAABB294EF20}.Debug|Any CPU.Build.0 = Debug|Any CPU
		{820D3DF9-6328-4517-B684-BAABB294EF20}.Release|Any CPU.ActiveCfg = Release|Any CPU
		{820D3DF9-6328-4517-B684-BAABB294EF20}.Release|Any CPU.Build.0 = Release|Any CPU
		{3CE05F80-F4C0-48B0-AECB-80D866B10ADE}.Debug|Any CPU.ActiveCfg = Debug|Any CPU
		{3CE05F80-F4C0-48B0-AECB-80D866B10ADE}.Debug|Any CPU.Build.0 = Debug|Any CPU
		{3CE05F80-F4C0-48B0-AECB-80D866B10ADE}.Release|Any CPU.ActiveCfg = Release|Any CPU
		{3CE05F80-F4C0-48B0-AECB-80D866B10ADE}.Release|Any CPU.Build.0 = Release|Any CPU
		{6839845A-3835-4BA6-8875-CFABE49E7DC0}.Debug|Any CPU.ActiveCfg = Debug|Any CPU
		{6839845A-3835-4BA6-8875-CFABE49E7DC0}.Debug|Any CPU.Build.0 = Debug|Any CPU
		{6839845A-3835-4BA6-8875-CFABE49E7DC0}.Release|Any CPU.ActiveCfg = Release|Any CPU
		{6839845A-3835-4BA6-8875-CFABE49E7DC0}.Release|Any CPU.Build.0 = Release|Any CPU
		{1B3E2646-0BB6-4182-A437-9D16067C920F}.Debug|Any CPU.ActiveCfg = Debug|Any CPU
		{1B3E2646-0BB6-4182-A437-9D16067C920F}.Debug|Any CPU.Build.0 = Debug|Any CPU
		{1B3E2646-0BB6-4182-A437-9D16067C920F}.Release|Any CPU.ActiveCfg = Release|Any CPU
		{1B3E2646-0BB6-4182-A437-9D16067C920F}.Release|Any CPU.Build.0 = Release|Any CPU
	EndGlobalSection
	GlobalSection(SolutionProperties) = preSolution
		HideSolutionNode = FALSE
	EndGlobalSection
	GlobalSection(NestedProjects) = preSolution
		{1CA00EFC-37CE-452F-99DF-F15FA02D03DC} = {173E5A45-77C4-49D7-921F-F9B7E930C32A}
		{F251DDC4-135C-4516-9DD0-7DBDDD00C768} = {173E5A45-77C4-49D7-921F-F9B7E930C32A}
		{1A3C9831-FF68-4615-BFC3-BB15D297D14A} = {173E5A45-77C4-49D7-921F-F9B7E930C32A}
		{973CD13F-0D7D-4022-9D34-44CD56372752} = {A4A1665C-4E8B-4C82-AF15-2130797B5124}
		{9DB98C40-6CB1-41DD-89F1-941EA4AAF19A} = {A4A1665C-4E8B-4C82-AF15-2130797B5124}
		{B81CA36B-8CD5-4671-B24F-B719ECC16B8D} = {A4A1665C-4E8B-4C82-AF15-2130797B5124}
		{959C4876-D792-4C46-BBA0-CC629787EA4B} = {E081F01F-85D5-4B0C-9B69-B891FFE0F6D0}
		{33DA3F65-7A08-495C-96EE-F65C0979C4DA} = {E081F01F-85D5-4B0C-9B69-B891FFE0F6D0}
		{ED5E45DA-34FB-4BDB-B548-5D6527F01B61} = {E081F01F-85D5-4B0C-9B69-B891FFE0F6D0}
		{9B7D8246-54DF-4687-B675-D01E8E74A580} = {4D88246F-333C-4DF7-81A0-B7F7A6AB8C75}
		{3EA2648B-11EB-4C70-AD14-E47AC3A0EBEE} = {4D88246F-333C-4DF7-81A0-B7F7A6AB8C75}
		{820D3DF9-6328-4517-B684-BAABB294EF20} = {4D88246F-333C-4DF7-81A0-B7F7A6AB8C75}
		{3CE05F80-F4C0-48B0-AECB-80D866B10ADE} = {CE4420B5-557D-4755-88B4-9E6F71126827}
		{6839845A-3835-4BA6-8875-CFABE49E7DC0} = {CE4420B5-557D-4755-88B4-9E6F71126827}
		{1B3E2646-0BB6-4182-A437-9D16067C920F} = {CE4420B5-557D-4755-88B4-9E6F71126827}
	EndGlobalSection
	GlobalSection(ExtensibilityGlobals) = postSolution
		SolutionGuid = {741F3C22-0060-4BF1-B5F0-1575BF98EBEE}
	EndGlobalSection
EndGlobal
