
Microsoft Visual Studio Solution File, Format Version 12.00
# Visual Studio Version 16
VisualStudioVersion = 16.0.33927.289
MinimumVisualStudioVersion = 10.0.40219.1
Project("{2150E333-8FDC-42A3-9474-1A3956D46DE8}") = "Tyuiu.GorbunovAA.Sprint5.Task0.V13", "Tyuiu.GorbunovAA.Sprint5.Task0.V13", "{173E5A45-77C4-49D7-921F-F9B7E930C32A}"
EndProject
Project("{FAE04EC0-301F-11D3-BF4B-00C04F79EFBC}") = "Tyuiu.GorbunovAA.Sprint5.Task0.V13", "Tyuiu.GorbunovAA.Sprint5.Task0.V13\Tyuiu.GorbunovAA.Sprint5.Task0.V13.csproj", "{1CA00EFC-37CE-452F-99DF-F15FA02D03DC}"
EndProject
Project("{FAE04EC0-301F-11D3-BF4B-00C04F79EFBC}") = "Tyuiu.GorbunovAA.Sprint5.Task0.V13.Lib", "Tyuiu.GorbunovAA.Sprint5.Task0.V13.Lib\Tyuiu.GorbunovAA.Sprint5.Task0.V13.Lib.csproj", "{F251DDC4-135C-4516-9DD0-7DBDDD00C768}"
EndProject
Project("{FAE04EC0-301F-11D3-BF4B-00C04F79EFBC}") = "Tyuiu.GorbunovAA.Sprint5.Task0.V13.Test", "Tyuiu.GorbunovAA.Sprint5.Task0.V13.Test\Tyuiu.GorbunovAA.Sprint5.Task0.V13.Test.csproj", "{1A3C9831-FF68-4615-BFC3-BB15D297D14A}"
EndProject
Project("{2150E333-8FDC-42A3-9474-1A3956D46DE8}") = "Tyuiu.GorbunovAA.Sprint5.Task1.V26", "Tyuiu.GorbunovAA.Sprint5.Task1.V26", "{A4A1665C-4E8B-4C82-AF15-2130797B5124}"
EndProject
Project("{FAE04EC0-301F-11D3-BF4B-00C04F79EFBC}") = "Tyuiu.GorbunovAA.Sprint5.Task1.V26", "Tyuiu.GorbunovAA.Sprint5.Task1.V26\Tyuiu.GorbunovAA.Sprint5.Task1.V26.csproj", "{973CD13F-0D7D-4022-9D34-44CD56372752}"
EndProject
Project("{FAE04EC0-301F-11D3-BF4B-00C04F79EFBC}") = "Tyuiu.GorbunovAA.Sprint5.Task1.V26.Lib", "Tyuiu.GorbunovAA.Sprint5.Task1.V26.Lib\Tyuiu.GorbunovAA.Sprint5.Task1.V26.Lib.csproj", "{9DB98C40-6CB1-41DD-89F1-941EA4AAF19A}"
EndProject
Project("{FAE04EC0-301F-11D3-BF4B-00C04F79EFBC}") = "Tyuiu.GorbunovAA.Sprint5.Task1.V26.Test", "Tyuiu.GorbunovAA.Sprint5.Task1.V26.Test\Tyuiu.GorbunovAA.Sprint5.Task1.V26.Test.csproj", "{B81CA36B-8CD5-4671-B24F-B719ECC16B8D}"
EndProject
Project("{2150E333-8FDC-42A3-9474-1A3956D46DE8}") = "Tyuiu.GorbunovAA.Sprint5.Task3.V5", "Tyuiu.GorbunovAA.Sprint5.Task3.V5", "{E081F01F-85D5-4B0C-9B69-B891FFE0F6D0}"
EndProject
Project("{FAE04EC0-301F-11D3-BF4B-00C04F79EFBC}") = "Tyuiu.GorbunovAA.Sprint5.Task3.V5", "Tyuiu.GorbunovAA.Sprint5.Task3.V5\Tyuiu.GorbunovAA.Sprint5.Task3.V5.csproj", "{959C4876-D792-4C46-BBA0-CC629787EA4B}"
EndProject
Project("{FAE04EC0-301F-11D3-BF4B-00C04F79EFBC}") = "Tyuiu.GorbunovAA.Sprint5.Task3.V5.Lib", "Tyuiu.GorbunovAA.Sprint5.Task3.V5.Lib\Tyuiu.GorbunovAA.Sprint5.Task3.V5.Lib.csproj", "{33DA3F65-7A08-495C-96EE-F65C0979C4DA}"
EndProject
Project("{FAE04EC0-301F-11D3-BF4B-00C04F79EFBC}") = "Tyuiu.GorbunovAA.Sprint5.Task3.V5.Test", "Tyuiu.GorbunovAA.Sprint5.Task3.V5.Test\Tyuiu.GorbunovAA.Sprint5.Task3.V5.Test.csproj", "{ED5E45DA-34FB-4BDB-B548-5D6527F01B61}"
EndProject
Global
	GlobalSection(SolutionConfigurationPlatforms) = preSolution
		Debug|Any CPU = Debug|Any CPU
		Release|Any CPU = Release|Any CPU
	EndGlobalSection
	GlobalSection(ProjectConfigurationPlatforms) = postSolution
		{1CA00EFC-37CE-452F-99DF-F15FA02D03DC}.Debug|Any CPU.ActiveCfg = Debug|Any CPU
		{1CA00EFC-37CE-452F-99DF-F15FA02D03DC}.Debug|Any CPU.Build.0 = Debug|Any CPU
		{1CA00EFC-37CE-452F-99DF-F15FA02D03DC}.Release|Any CPU.ActiveCfg = Release|Any CPU
		{1CA00EFC-37CE-452F-99DF-F15FA02D03DC}.Release|Any CPU.Build.0 = Release|Any CPU
		{F251DDC4-135C-4516-9DD0-7DBDDD00C768}.Debug|Any CPU.ActiveCfg = Debug|Any CPU
		{F251DDC4-135C-4516-9DD0-7DBDDD00C768}.Debug|Any CPU.Build.0 = Debug|Any CPU
		{F251DDC4-135C-4516-9DD0-7DBDDD00C768}.Release|Any CPU.ActiveCfg = Release|Any CPU
		{F251DDC4-135C-4516-9DD0-7DBDDD00C768}.Release|Any CPU.Build.0 = Release|Any CPU
		{1A3C9831-FF68-4615-BFC3-BB15D297D14A}.Debug|Any CPU.ActiveCfg = Debug|Any CPU
		{1A3C9831-FF68-4615-BFC3-BB15D297D14A}.Debug|Any CPU.Build.0 = Debug|Any CPU
		{1A3C9831-FF68-4615-BFC3-BB15D297D14A}.Release|Any CPU.ActiveCfg = Release|Any CPU
		{1A3C9831-FF68-4615-BFC3-BB15D297D14A}.Release|Any CPU.Build.0 = Release|Any CPU
		{973CD13F-0D7D-4022-9D34-44CD56372752}.Debug|Any CPU.ActiveCfg = Debug|Any CPU
		{973CD13F-0D7D-4022-9D34-44CD56372752}.Debug|Any CPU.Build.0 = Debug|Any CPU
		{973CD13F-0D7D-4022-9D34-44CD56372752}.Release|Any CPU.ActiveCfg = Release|Any CPU
		{973CD13F-0D7D-4022-9D34-44CD56372752}.Release|Any CPU.Build.0 = Release|Any CPU
		{9DB98C40-6CB1-41DD-89F1-941EA4AAF19A}.Debug|Any CPU.ActiveCfg = Debug|Any CPU
		{9DB98C40-6CB1-41DD-89F1-941EA4AAF19A}.Debug|Any CPU.Build.0 = Debug|Any CPU
		{9DB98C40-6CB1-41DD-89F1-941EA4AAF19A}.Release|Any CPU.ActiveCfg = Release|Any CPU
		{9DB98C40-6CB1-41DD-89F1-941EA4AAF19A}.Release|Any CPU.Build.0 = Release|Any CPU
		{B81CA36B-8CD5-4671-B24F-B719ECC16B8D}.Debug|Any CPU.ActiveCfg = Debug|Any CPU
		{B81CA36B-8CD5-4671-B24F-B719ECC16B8D}.Debug|Any CPU.Build.0 = Debug|Any CPU
		{B81CA36B-8CD5-4671-B24F-B719ECC16B8D}.Release|Any CPU.ActiveCfg = Release|Any CPU
		{B81CA36B-8CD5-4671-B24F-B719ECC16B8D}.Release|Any CPU.Build.0 = Release|Any CPU
		{959C4876-D792-4C46-BBA0-CC629787EA4B}.Debug|Any CPU.ActiveCfg = Debug|Any CPU
		{959C4876-D792-4C46-BBA0-CC629787EA4B}.Debug|Any CPU.Build.0 = Debug|Any CPU
		{959C4876-D792-4C46-BBA0-CC629787EA4B}.Release|Any CPU.ActiveCfg = Release|Any CPU
		{959C4876-D792-4C46-BBA0-CC629787EA4B}.Release|Any CPU.Build.0 = Release|Any CPU
		{33DA3F65-7A08-495C-96EE-F65C0979C4DA}.Debug|Any CPU.ActiveCfg = Debug|Any CPU
		{33DA3F65-7A08-495C-96EE-F65C0979C4DA}.Debug|Any CPU.Build.0 = Debug|Any CPU
		{33DA3F65-7A08-495C-96EE-F65C0979C4DA}.Release|Any CPU.ActiveCfg = Release|Any CPU
		{33DA3F65-7A08-495C-96EE-F65C0979C4DA}.Release|Any CPU.Build.0 = Release|Any CPU
		{ED5E45DA-34FB-4BDB-B548-5D6527F01B61}.Debug|Any CPU.ActiveCfg = Debug|Any CPU
		{ED5E45DA-34FB-4BDB-B548-5D6527F01B61}.Debug|Any CPU.Build.0 = Debug|Any CPU
		{ED5E45DA-34FB-4BDB-B548-5D6527F01B61}.Release|Any CPU.ActiveCfg = Release|Any CPU
		{ED5E45DA-34FB-4BDB-B548-5D6527F01B61}.Release|Any CPU.Build.0 = Release|Any CPU
	EndGlobalSection
	GlobalSection(SolutionProperties) = preSolution
		HideSolutionNode = FALSE
	EndGlobalSection
	GlobalSection(NestedProjects) = preSolution
		{1CA00EFC-37CE-452F-99DF-F15FA02D03DC} = {173E5A45-77C4-49D7-921F-F9B7E930C32A}
		{F251DDC4-135C-4516-9DD0-7DBDDD00C768} = {173E5A45-77C4-49D7-921F-F9B7E930C32A}
		{1A3C9831-FF68-4615-BFC3-BB15D297D14A} = {173E5A45-77C4-49D7-921F-F9B7E930C32A}
		{973CD13F-0D7D-4022-9D34-44CD56372752} = {A4A1665C-4E8B-4C82-AF15-2130797B5124}
		{9DB98C40-6CB1-41DD-89F1-941EA4AAF19A} = {A4A1665C-4E8B-4C82-AF15-2130797B5124}
		{B81CA36B-8CD5-4671-B24F-B719ECC16B8D} = {A4A1665C-4E8B-4C82-AF15-2130797B5124}
		{959C4876-D792-4C46-BBA0-CC629787EA4B} = {E081F01F-85D5-4B0C-9B69-B891FFE0F6D0}
		{33DA3F65-7A08-495C-96EE-F65C0979C4DA} = {E081F01F-85D5-4B0C-9B69-B891FFE0F6D0}
		{ED5E45DA-34FB-4BDB-B548-5D6527F01B61} = {E081F01F-85D5-4B0C-9B69-B891FFE0F6D0}
	EndGlobalSection
	GlobalSection(ExtensibilityGlobals) = postSolution
		SolutionGuid = {741F3C22-0060-4BF1-B5F0-1575BF98EBEE}
	EndGlobalSection
EndGlobal
